// !$*UTF8*$!
{
	archiveVersion = 1;
	classes = {
	};
	objectVersion = 42;
	objects = {

/* Begin PBXBuildFile section */
		3B6E687F0704ABCD00B9FFC8 /* ScrollImageView.h in Resources */ = {isa = PBXBuildFile; fileRef = 3B6E687D0704ABCD00B9FFC8 /* ScrollImageView.h */; };
		3B6E68800704ABCD00B9FFC8 /* ScrollImageView.m in Sources */ = {isa = PBXBuildFile; fileRef = 3B6E687E0704ABCD00B9FFC8 /* ScrollImageView.m */; };
		3B6E68E60704AFF300B9FFC8 /* grab.tif in Resources */ = {isa = PBXBuildFile; fileRef = 3B6E68E50704AFF300B9FFC8 /* grab.tif */; };
		3B6E68E80704AFFA00B9FFC8 /* hand.tif in Resources */ = {isa = PBXBuildFile; fileRef = 3B6E68E70704AFFA00B9FFC8 /* hand.tif */; };
		532F316408534F3500ADC922 /* ArrayEditor.m in Sources */ = {isa = PBXBuildFile; fileRef = 532F316208534F3500ADC922 /* ArrayEditor.m */; };
		5343D8FC12BACF0B005A46DA /* libfftw.a in CopyFiles */ = {isa = PBXBuildFile; fileRef = 5343D8FB12BACF0B005A46DA /* libfftw.a */; };
		5343D8FE12BAD07F005A46DA /* libfftw.a in Frameworks */ = {isa = PBXBuildFile; fileRef = 5343D8FB12BACF0B005A46DA /* libfftw.a */; };
		5343D8FF12BAD0A2005A46DA /* ArrayEditor.h in Resources */ = {isa = PBXBuildFile; fileRef = 532F316108534F3500ADC922 /* ArrayEditor.h */; };
		5391A0A107E76A2A00C903F2 /* controlNames in Resources */ = {isa = PBXBuildFile; fileRef = 5391A0A007E76A2A00C903F2 /* controlNames */; };
		53AC6D11080BAB5F001F197A /* Oculus.icns in Resources */ = {isa = PBXBuildFile; fileRef = 53AC6D10080BAB5F001F197A /* Oculus.icns */; };
		53D8E3650726F8B900A3B73B /* deblurring applications.c in Sources */ = {isa = PBXBuildFile; fileRef = 53D8E3610726F8B900A3B73B /* deblurring applications.c */; };
		53D8E3660726F8B900A3B73B /* deblurring applications.h in Resources */ = {isa = PBXBuildFile; fileRef = 53D8E3620726F8B900A3B73B /* deblurring applications.h */; };
		53D8E3670726F8B900A3B73B /* deblurring functions.c in Sources */ = {isa = PBXBuildFile; fileRef = 53D8E3630726F8B900A3B73B /* deblurring functions.c */; };
		53D8E3680726F8B900A3B73B /* deblurring functions.h in Resources */ = {isa = PBXBuildFile; fileRef = 53D8E3640726F8B900A3B73B /* deblurring functions.h */; };
		8D15AC2C0486D014006FF6A4 /* Credits.rtf in Resources */ = {isa = PBXBuildFile; fileRef = 2A37F4B9FDCFA73011CA2CEA /* Credits.rtf */; };
		8D15AC2D0486D014006FF6A4 /* MainMenu.nib in Resources */ = {isa = PBXBuildFile; fileRef = 2A37F4B6FDCFA73011CA2CEA /* MainMenu.nib */; };
		8D15AC2E0486D014006FF6A4 /* MyDocument.nib in Resources */ = {isa = PBXBuildFile; fileRef = 2A37F4B4FDCFA73011CA2CEA /* MyDocument.nib */; };
		8D15AC2F0486D014006FF6A4 /* InfoPlist.strings in Resources */ = {isa = PBXBuildFile; fileRef = 089C165FFE840EACC02AAC07 /* InfoPlist.strings */; };
		8D15AC310486D014006FF6A4 /* MyDocument.m in Sources */ = {isa = PBXBuildFile; fileRef = 2A37F4ACFDCFA73011CA2CEA /* MyDocument.m */; settings = {ATTRIBUTES = (); }; };
		8D15AC320486D014006FF6A4 /* main.m in Sources */ = {isa = PBXBuildFile; fileRef = 2A37F4B0FDCFA73011CA2CEA /* main.m */; settings = {ATTRIBUTES = (); }; };
		8D15AC340486D014006FF6A4 /* Cocoa.framework in Frameworks */ = {isa = PBXBuildFile; fileRef = 1058C7A7FEA54F5311CA2CBB /* Cocoa.framework */; };
/* End PBXBuildFile section */

/* Begin PBXCopyFilesBuildPhase section */
		534E94BA0733F47100CB0897 /* CopyFiles */ = {
			isa = PBXCopyFilesBuildPhase;
			buildActionMask = 2147483647;
			dstPath = "";
			dstSubfolderSpec = 10;
			files = (
				5343D8FC12BACF0B005A46DA /* libfftw.a in CopyFiles */,
			);
			runOnlyForDeploymentPostprocessing = 0;
		};
/* End PBXCopyFilesBuildPhase section */

/* Begin PBXFileReference section */
		089C1660FE840EACC02AAC07 /* English */ = {isa = PBXFileReference; fileEncoding = 10; lastKnownFileType = text.plist.strings; name = English; path = English.lproj/InfoPlist.strings; sourceTree = "<group>"; };
		1058C7A7FEA54F5311CA2CBB /* Cocoa.framework */ = {isa = PBXFileReference; lastKnownFileType = wrapper.framework; name = Cocoa.framework; path = /System/Library/Frameworks/Cocoa.framework; sourceTree = "<absolute>"; };
		2A37F4ACFDCFA73011CA2CEA /* MyDocument.m */ = {isa = PBXFileReference; fileEncoding = 4; lastKnownFileType = sourcecode.c.objc; path = MyDocument.m; sourceTree = "<group>"; };
		2A37F4AEFDCFA73011CA2CEA /* MyDocument.h */ = {isa = PBXFileReference; fileEncoding = 4; lastKnownFileType = sourcecode.c.h; path = MyDocument.h; sourceTree = "<group>"; };
		2A37F4B0FDCFA73011CA2CEA /* main.m */ = {isa = PBXFileReference; fileEncoding = 4; lastKnownFileType = sourcecode.c.objc; path = main.m; sourceTree = "<group>"; };
		2A37F4B5FDCFA73011CA2CEA /* English */ = {isa = PBXFileReference; lastKnownFileType = wrapper.nib; name = English; path = English.lproj/MyDocument.nib; sourceTree = "<group>"; };
		2A37F4B7FDCFA73011CA2CEA /* English */ = {isa = PBXFileReference; lastKnownFileType = wrapper.nib; name = English; path = English.lproj/MainMenu.nib; sourceTree = "<group>"; };
		2A37F4BAFDCFA73011CA2CEA /* English */ = {isa = PBXFileReference; lastKnownFileType = text.rtf; name = English; path = English.lproj/Credits.rtf; sourceTree = "<group>"; };
		2A37F4C4FDCFA73011CA2CEA /* AppKit.framework */ = {isa = PBXFileReference; lastKnownFileType = wrapper.framework; name = AppKit.framework; path = /System/Library/Frameworks/AppKit.framework; sourceTree = "<absolute>"; };
		2A37F4C5FDCFA73011CA2CEA /* Foundation.framework */ = {isa = PBXFileReference; lastKnownFileType = wrapper.framework; name = Foundation.framework; path = /System/Library/Frameworks/Foundation.framework; sourceTree = "<absolute>"; };
		32DBCF750370BD2300C91783 /* Oculus_Prefix.pch */ = {isa = PBXFileReference; fileEncoding = 4; lastKnownFileType = sourcecode.c.h; path = Oculus_Prefix.pch; sourceTree = "<group>"; };
		3B37A01606FBF9D8001A9006 /* WorkRecord.rtf */ = {isa = PBXFileReference; lastKnownFileType = text.rtf; path = WorkRecord.rtf; sourceTree = "<group>"; };
		3B6E687D0704ABCD00B9FFC8 /* ScrollImageView.h */ = {isa = PBXFileReference; fileEncoding = 4; lastKnownFileType = sourcecode.c.h; path = ScrollImageView.h; sourceTree = "<group>"; };
		3B6E687E0704ABCD00B9FFC8 /* ScrollImageView.m */ = {isa = PBXFileReference; fileEncoding = 4; lastKnownFileType = sourcecode.c.objc; path = ScrollImageView.m; sourceTree = "<group>"; };
		3B6E68E50704AFF300B9FFC8 /* grab.tif */ = {isa = PBXFileReference; lastKnownFileType = image.tiff; path = grab.tif; sourceTree = "<group>"; };
		3B6E68E70704AFFA00B9FFC8 /* hand.tif */ = {isa = PBXFileReference; lastKnownFileType = image.tiff; path = hand.tif; sourceTree = "<group>"; };
		532F316108534F3500ADC922 /* ArrayEditor.h */ = {isa = PBXFileReference; fileEncoding = 4; lastKnownFileType = sourcecode.c.h; path = ArrayEditor.h; sourceTree = "<group>"; };
		532F316208534F3500ADC922 /* ArrayEditor.m */ = {isa = PBXFileReference; fileEncoding = 4; lastKnownFileType = sourcecode.c.objc; path = ArrayEditor.m; sourceTree = "<group>"; };
		5343D8FB12BACF0B005A46DA /* libfftw.a */ = {isa = PBXFileReference; lastKnownFileType = archive.ar; path = libfftw.a; sourceTree = SOURCE_ROOT; };
		5391A0A007E76A2A00C903F2 /* controlNames */ = {isa = PBXFileReference; fileEncoding = 30; lastKnownFileType = text; path = controlNames; sourceTree = "<group>"; };
		53A43D941303640700598F55 /* fftw.h */ = {isa = PBXFileReference; fileEncoding = 4; lastKnownFileType = sourcecode.c.h; path = fftw.h; sourceTree = "<group>"; };
		53AC6D10080BAB5F001F197A /* Oculus.icns */ = {isa = PBXFileReference; lastKnownFileType = image.icns; path = Oculus.icns; sourceTree = "<group>"; };
		53D8E3610726F8B900A3B73B /* deblurring applications.c */ = {isa = PBXFileReference; fileEncoding = 30; lastKnownFileType = sourcecode.c.c; path = "deblurring applications.c"; sourceTree = "<group>"; };
		53D8E3620726F8B900A3B73B /* deblurring applications.h */ = {isa = PBXFileReference; fileEncoding = 30; lastKnownFileType = sourcecode.c.h; path = "deblurring applications.h"; sourceTree = "<group>"; };
		53D8E3630726F8B900A3B73B /* deblurring functions.c */ = {isa = PBXFileReference; fileEncoding = 30; lastKnownFileType = sourcecode.c.c; path = "deblurring functions.c"; sourceTree = "<group>"; };
		53D8E3640726F8B900A3B73B /* deblurring functions.h */ = {isa = PBXFileReference; fileEncoding = 30; lastKnownFileType = sourcecode.c.h; path = "deblurring functions.h"; sourceTree = "<group>"; };
		8D15AC360486D014006FF6A4 /* Info.plist */ = {isa = PBXFileReference; fileEncoding = 4; lastKnownFileType = text.plist; path = Info.plist; sourceTree = "<group>"; };
		8D15AC370486D014006FF6A4 /* Oculus.app */ = {isa = PBXFileReference; explicitFileType = wrapper.application; includeInIndex = 0; path = Oculus.app; sourceTree = BUILT_PRODUCTS_DIR; };
/* End PBXFileReference section */

/* Begin PBXFrameworksBuildPhase section */
		8D15AC330486D014006FF6A4 /* Frameworks */ = {
			isa = PBXFrameworksBuildPhase;
			buildActionMask = 2147483647;
			files = (
				8D15AC340486D014006FF6A4 /* Cocoa.framework in Frameworks */,
				5343D8FE12BAD07F005A46DA /* libfftw.a in Frameworks */,
			);
			runOnlyForDeploymentPostprocessing = 0;
		};
/* End PBXFrameworksBuildPhase section */

/* Begin PBXGroup section */
		1058C7A6FEA54F5311CA2CBB /* Linked Frameworks */ = {
			isa = PBXGroup;
			children = (
				1058C7A7FEA54F5311CA2CBB /* Cocoa.framework */,
			);
			name = "Linked Frameworks";
			sourceTree = "<group>";
		};
		1058C7A8FEA54F5311CA2CBB /* Other Frameworks */ = {
			isa = PBXGroup;
			children = (
				2A37F4C5FDCFA73011CA2CEA /* Foundation.framework */,
				2A37F4C4FDCFA73011CA2CEA /* AppKit.framework */,
			);
			name = "Other Frameworks";
			sourceTree = "<group>";
		};
		19C28FB0FE9D524F11CA2CBB /* Products */ = {
			isa = PBXGroup;
			children = (
				8D15AC370486D014006FF6A4 /* Oculus.app */,
			);
			name = Products;
			sourceTree = "<group>";
		};
		2A37F4AAFDCFA73011CA2CEA /* Oculus */ = {
			isa = PBXGroup;
			children = (
				2A37F4ABFDCFA73011CA2CEA /* Classes */,
				2A37F4AFFDCFA73011CA2CEA /* Other Sources */,
				2A37F4B8FDCFA73011CA2CEA /* Resources */,
				2A37F4C3FDCFA73011CA2CEA /* Frameworks */,
				19C28FB0FE9D524F11CA2CBB /* Products */,
				5343D8FB12BACF0B005A46DA /* libfftw.a */,
			);
			name = Oculus;
			sourceTree = "<group>";
		};
		2A37F4ABFDCFA73011CA2CEA /* Classes */ = {
			isa = PBXGroup;
			children = (
				2A37F4AEFDCFA73011CA2CEA /* MyDocument.h */,
				2A37F4ACFDCFA73011CA2CEA /* MyDocument.m */,
				3B6E687D0704ABCD00B9FFC8 /* ScrollImageView.h */,
				3B6E687E0704ABCD00B9FFC8 /* ScrollImageView.m */,
				532F316108534F3500ADC922 /* ArrayEditor.h */,
				532F316208534F3500ADC922 /* ArrayEditor.m */,
			);
			name = Classes;
			sourceTree = "<group>";
		};
		2A37F4AFFDCFA73011CA2CEA /* Other Sources */ = {
			isa = PBXGroup;
			children = (
				53D8E3620726F8B900A3B73B /* deblurring applications.h */,
				53D8E3610726F8B900A3B73B /* deblurring applications.c */,
				53D8E3640726F8B900A3B73B /* deblurring functions.h */,
				53D8E3630726F8B900A3B73B /* deblurring functions.c */,
				32DBCF750370BD2300C91783 /* Oculus_Prefix.pch */,
				2A37F4B0FDCFA73011CA2CEA /* main.m */,
			);
			name = "Other Sources";
			sourceTree = "<group>";
		};
		2A37F4B8FDCFA73011CA2CEA /* Resources */ = {
			isa = PBXGroup;
			children = (
				53AC6D10080BAB5F001F197A /* Oculus.icns */,
				5391A0A007E76A2A00C903F2 /* controlNames */,
				2A37F4B9FDCFA73011CA2CEA /* Credits.rtf */,
				2A37F4B6FDCFA73011CA2CEA /* MainMenu.nib */,
				2A37F4B4FDCFA73011CA2CEA /* MyDocument.nib */,
				8D15AC360486D014006FF6A4 /* Info.plist */,
				089C165FFE840EACC02AAC07 /* InfoPlist.strings */,
				3B37A01606FBF9D8001A9006 /* WorkRecord.rtf */,
				3B6E68E50704AFF300B9FFC8 /* grab.tif */,
				3B6E68E70704AFFA00B9FFC8 /* hand.tif */,
			);
			name = Resources;
			sourceTree = "<group>";
		};
		2A37F4C3FDCFA73011CA2CEA /* Frameworks */ = {
			isa = PBXGroup;
			children = (
				53A43D941303640700598F55 /* fftw.h */,
				1058C7A6FEA54F5311CA2CBB /* Linked Frameworks */,
				1058C7A8FEA54F5311CA2CBB /* Other Frameworks */,
			);
			name = Frameworks;
			sourceTree = "<group>";
		};
/* End PBXGroup section */

/* Begin PBXNativeTarget section */
		8D15AC270486D014006FF6A4 /* Oculus */ = {
			isa = PBXNativeTarget;
			buildConfigurationList = 53F6BA7D09D9EAE100B0EC0D /* Build configuration list for PBXNativeTarget "Oculus" */;
			buildPhases = (
				8D15AC2B0486D014006FF6A4 /* Resources */,
				8D15AC300486D014006FF6A4 /* Sources */,
				8D15AC330486D014006FF6A4 /* Frameworks */,
				534E94BA0733F47100CB0897 /* CopyFiles */,
			);
			buildRules = (
			);
			dependencies = (
			);
			name = Oculus;
			productInstallPath = "$(HOME)/Applications";
			productName = Oculus;
			productReference = 8D15AC370486D014006FF6A4 /* Oculus.app */;
			productType = "com.apple.product-type.application";
		};
/* End PBXNativeTarget section */

/* Begin PBXProject section */
		2A37F4A9FDCFA73011CA2CEA /* Project object */ = {
			isa = PBXProject;
			buildConfigurationList = 53F6BA8109D9EAE100B0EC0D /* Build configuration list for PBXProject "Oculus" */;
			compatibilityVersion = "Xcode 2.4";
			developmentRegion = English;
			hasScannedForEncodings = 1;
			knownRegions = (
				English,
				Japanese,
				French,
				German,
			);
			mainGroup = 2A37F4AAFDCFA73011CA2CEA /* Oculus */;
			projectDirPath = "";
			projectRoot = "";
			targets = (
				8D15AC270486D014006FF6A4 /* Oculus */,
			);
		};
/* End PBXProject section */

/* Begin PBXResourcesBuildPhase section */
		8D15AC2B0486D014006FF6A4 /* Resources */ = {
			isa = PBXResourcesBuildPhase;
			buildActionMask = 2147483647;
			files = (
				8D15AC2C0486D014006FF6A4 /* Credits.rtf in Resources */,
				8D15AC2D0486D014006FF6A4 /* MainMenu.nib in Resources */,
				8D15AC2E0486D014006FF6A4 /* MyDocument.nib in Resources */,
				8D15AC2F0486D014006FF6A4 /* InfoPlist.strings in Resources */,
				3B6E687F0704ABCD00B9FFC8 /* ScrollImageView.h in Resources */,
				3B6E68E60704AFF300B9FFC8 /* grab.tif in Resources */,
				3B6E68E80704AFFA00B9FFC8 /* hand.tif in Resources */,
				53D8E3660726F8B900A3B73B /* deblurring applications.h in Resources */,
				53D8E3680726F8B900A3B73B /* deblurring functions.h in Resources */,
				5343D8FF12BAD0A2005A46DA /* ArrayEditor.h in Resources */,
				5391A0A107E76A2A00C903F2 /* controlNames in Resources */,
				53AC6D11080BAB5F001F197A /* Oculus.icns in Resources */,
			);
			runOnlyForDeploymentPostprocessing = 0;
		};
/* End PBXResourcesBuildPhase section */

/* Begin PBXSourcesBuildPhase section */
		8D15AC300486D014006FF6A4 /* Sources */ = {
			isa = PBXSourcesBuildPhase;
			buildActionMask = 2147483647;
			files = (
				8D15AC310486D014006FF6A4 /* MyDocument.m in Sources */,
				8D15AC320486D014006FF6A4 /* main.m in Sources */,
				3B6E68800704ABCD00B9FFC8 /* ScrollImageView.m in Sources */,
				53D8E3650726F8B900A3B73B /* deblurring applications.c in Sources */,
				53D8E3670726F8B900A3B73B /* deblurring functions.c in Sources */,
				532F316408534F3500ADC922 /* ArrayEditor.m in Sources */,
			);
			runOnlyForDeploymentPostprocessing = 0;
		};
/* End PBXSourcesBuildPhase section */

/* Begin PBXVariantGroup section */
		089C165FFE840EACC02AAC07 /* InfoPlist.strings */ = {
			isa = PBXVariantGroup;
			children = (
				089C1660FE840EACC02AAC07 /* English */,
			);
			name = InfoPlist.strings;
			sourceTree = "<group>";
		};
		2A37F4B4FDCFA73011CA2CEA /* MyDocument.nib */ = {
			isa = PBXVariantGroup;
			children = (
				2A37F4B5FDCFA73011CA2CEA /* English */,
			);
			name = MyDocument.nib;
			sourceTree = "<group>";
		};
		2A37F4B6FDCFA73011CA2CEA /* MainMenu.nib */ = {
			isa = PBXVariantGroup;
			children = (
				2A37F4B7FDCFA73011CA2CEA /* English */,
			);
			name = MainMenu.nib;
			sourceTree = "<group>";
		};
		2A37F4B9FDCFA73011CA2CEA /* Credits.rtf */ = {
			isa = PBXVariantGroup;
			children = (
				2A37F4BAFDCFA73011CA2CEA /* English */,
			);
			name = Credits.rtf;
			sourceTree = "<group>";
		};
/* End PBXVariantGroup section */

/* Begin XCBuildConfiguration section */
		53F6BA7E09D9EAE100B0EC0D /* Development */ = {
			isa = XCBuildConfiguration;
			buildSettings = {
				COPY_PHASE_STRIP = NO;
				GCC_DYNAMIC_NO_PIC = NO;
				GCC_ENABLE_FIX_AND_CONTINUE = YES;
				GCC_GENERATE_DEBUGGING_SYMBOLS = YES;
				GCC_INPUT_FILETYPE = automatic;
				GCC_OPTIMIZATION_LEVEL = 0;
				GCC_PFE_FILE_C_DIALECTS = "";
				GCC_PRECOMPILE_PREFIX_HEADER = YES;
				GCC_PREFIX_HEADER = Oculus_Prefix.pch;
				HEADER_SEARCH_PATHS = "";
				INFOPLIST_FILE = Info.plist;
				INSTALL_PATH = "$(HOME)/Applications";
				LIBRARY_SEARCH_PATHS = .;
				LIBRARY_STYLE = STATIC;
				OTHER_LDFLAGS = "-lfftw";
				PRODUCT_NAME = Oculus;
				WRAPPER_EXTENSION = app;
				ZERO_LINK = YES;
			};
			name = Development;
		};
		53F6BA7F09D9EAE100B0EC0D /* Deployment */ = {
			isa = XCBuildConfiguration;
			buildSettings = {
				COPY_PHASE_STRIP = YES;
				GCC_ENABLE_FIX_AND_CONTINUE = NO;
				GCC_GENERATE_DEBUGGING_SYMBOLS = NO;
				GCC_INPUT_FILETYPE = automatic;
				GCC_PFE_FILE_C_DIALECTS = "";
				GCC_PRECOMPILE_PREFIX_HEADER = YES;
				GCC_PREFIX_HEADER = Oculus_Prefix.pch;
				HEADER_SEARCH_PATHS = "";
				INFOPLIST_FILE = Info.plist;
				INSTALL_PATH = "$(HOME)/Applications";
				LIBRARY_SEARCH_PATHS = .;
				LIBRARY_STYLE = STATIC;
				OTHER_LDFLAGS = "-lfftw";
				PRODUCT_NAME = Oculus;
				WRAPPER_EXTENSION = app;
				ZERO_LINK = NO;
			};
			name = Deployment;
		};
		53F6BA8009D9EAE100B0EC0D /* Default */ = {
			isa = XCBuildConfiguration;
			buildSettings = {
				GCC_GENERATE_DEBUGGING_SYMBOLS = NO;
				GCC_INPUT_FILETYPE = automatic;
				GCC_PFE_FILE_C_DIALECTS = "";
				GCC_PRECOMPILE_PREFIX_HEADER = YES;
				GCC_PREFIX_HEADER = Oculus_Prefix.pch;
				HEADER_SEARCH_PATHS = "";
				INFOPLIST_FILE = Info.plist;
				INSTALL_PATH = "$(HOME)/Applications";
				LIBRARY_SEARCH_PATHS = .;
				LIBRARY_STYLE = STATIC;
				OTHER_LDFLAGS = "-lfftw";
				PRODUCT_NAME = Oculus;
				WRAPPER_EXTENSION = app;
			};
			name = Default;
		};
		53F6BA8209D9EAE100B0EC0D /* Development */ = {
			isa = XCBuildConfiguration;
			buildSettings = {
			};
			name = Development;
		};
		53F6BA8309D9EAE100B0EC0D /* Deployment */ = {
			isa = XCBuildConfiguration;
			buildSettings = {
			};
			name = Deployment;
		};
		53F6BA8409D9EAE100B0EC0D /* Default */ = {
			isa = XCBuildConfiguration;
			buildSettings = {
			};
			name = Default;
		};
/* End XCBuildConfiguration section */

/* Begin XCConfigurationList section */
		53F6BA7D09D9EAE100B0EC0D /* Build configuration list for PBXNativeTarget "Oculus" */ = {
			isa = XCConfigurationList;
			buildConfigurations = (
				53F6BA7E09D9EAE100B0EC0D /* Development */,
				53F6BA7F09D9EAE100B0EC0D /* Deployment */,
				53F6BA8009D9EAE100B0EC0D /* Default */,
			);
			defaultConfigurationIsVisible = 0;
			defaultConfigurationName = Default;
		};
		53F6BA8109D9EAE100B0EC0D /* Build configuration list for PBXProject "Oculus" */ = {
			isa = XCConfigurationList;
			buildConfigurations = (
				53F6BA8209D9EAE100B0EC0D /* Development */,
				53F6BA8309D9EAE100B0EC0D /* Deployment */,
				53F6BA8409D9EAE100B0EC0D /* Default */,
			);
			defaultConfigurationIsVisible = 0;
			defaultConfigurationName = Default;
		};
/* End XCConfigurationList section */
	};
	rootObject = 2A37F4A9FDCFA73011CA2CEA /* Project object */;
}
